
Microsoft Visual Studio Solution File, Format Version 12.00
# Visual Studio Version 17
VisualStudioVersion = 17.7.34031.279
MinimumVisualStudioVersion = 10.0.40219.1
Project("{FAE04EC0-301F-11D3-BF4B-00C04F79EFBC}") = "KGOrnek223", "KGOrnek223.csproj", "{45031058-70CB-46EA-B902-F8CC9413A686}"
EndProject
Global
	GlobalSection(SolutionConfigurationPlatforms) = preSolution
		Debug|Any CPU = Debug|Any CPU
		Release|Any CPU = Release|Any CPU
	EndGlobalSection
	GlobalSection(ProjectConfigurationPlatforms) = postSolution
		{45031058-70CB-46EA-B902-F8CC9413A686}.Debug|Any CPU.ActiveCfg = Debug|Any CPU
		{45031058-70CB-46EA-B902-F8CC9413A686}.Debug|Any CPU.Build.0 = Debug|Any CPU
		{45031058-70CB-46EA-B902-F8CC9413A686}.Release|Any CPU.ActiveCfg = Release|Any CPU
		{45031058-70CB-46EA-B902-F8CC9413A686}.Release|Any CPU.Build.0 = Release|Any CPU
	EndGlobalSection
	GlobalSection(SolutionProperties) = preSolution
		HideSolutionNode = FALSE
	EndGlobalSection
	GlobalSection(ExtensibilityGlobals) = postSolution
		SolutionGuid = {04B6F6D4-8A3C-47D3-AD95-EF3DCC627D85}
	EndGlobalSection
EndGlobal
